{
  "name": "parse-example-ts",
  "version": "1.0.0",
  "lockfileVersion": 1,
  "requires": true,
  "dependencies": {
    "@babel/runtime": {
      "version": "7.14.6",
      "resolved": "https://registry.npmjs.org/@babel/runtime/-/runtime-7.14.6.tgz",
      "integrity": "sha512-/PCB2uJ7oM44tz8YhC4Z/6PeOKXp4K588f+5M3clr1M4zbqztlo0XEfJ2LEzj/FgwfgGcIdl8n7YYjTCI0BYwg==",
      "requires": {
        "regenerator-runtime": "^0.13.4"
      }
    },
    "@babel/runtime-corejs3": {
      "version": "7.14.6",
      "resolved": "https://registry.npmjs.org/@babel/runtime-corejs3/-/runtime-corejs3-7.14.6.tgz",
      "integrity": "sha512-Xl8SPYtdjcMoCsIM4teyVRg7jIcgl8F2kRtoCcXuHzXswt9UxZCS6BzRo8fcnCuP6u2XtPgvyonmEPF57Kxo9Q==",
      "requires": {
        "core-js-pure": "^3.14.0",
        "regenerator-runtime": "^0.13.4"
      }
    },
    "@omnichat/omnichat-model": {
      "version": "1.22.1",
      "resolved": "https://npm.pkg.github.com/download/@omnichat/omnichat-model/1.22.1/31aa03314fdb68dcfcc5dfa8a0f7099ba3d2bdd66270189ba6abe0bff6aed259",
      "integrity": "sha512-WhS9gk+Q5yZkIUwn9eCUHm0uqr8t81kH0yocS5TDAYuTBVkeL6+Vwf/+1CfKUSNvpxz2nQFx9V9yqBbhxk2vBg==",
      "requires": {
        "typescript": "3.8.3"
      },
      "dependencies": {
        "typescript": {
          "version": "3.8.3",
          "resolved": "https://registry.npmjs.org/typescript/-/typescript-3.8.3.tgz",
          "integrity": "sha512-MYlEfn5VrLNsgudQTVJeNaQFUAI7DkhnOjdpAp4T+ku1TfQClewlbSuTVHiA+8skNBgaf02TL/kLOvig4y3G8w=="
        }
      }
    },
    "@types/node": {
      "version": "16.7.1",
      "resolved": "https://registry.npmjs.org/@types/node/-/node-16.7.1.tgz",
      "integrity": "sha512-ncRdc45SoYJ2H4eWU9ReDfp3vtFqDYhjOsKlFFUDEn8V1Bgr2RjYal8YT5byfadWIRluhPFU6JiDOl0H6Sl87A==",
      "dev": true
    },
    "@types/parse": {
      "version": "2.18.9",
      "resolved": "https://registry.npmjs.org/@types/parse/-/parse-2.18.9.tgz",
      "integrity": "sha512-+2xbvQ2VV6I1JQdu64wFLjqsdEvbPyz0RoK89tgkPVKMMsczQwkzLImrk4i3LcmAJHjINRPTm4AJgiccjgyCZA==",
      "dev": true,
      "requires": {
        "@types/node": "*"
      }
    },
    "core-js-pure": {
      "version": "3.16.3",
      "resolved": "https://registry.npmjs.org/core-js-pure/-/core-js-pure-3.16.3.tgz",
      "integrity": "sha512-6In+2RwN0FT5yK0ZnhDP5rco/NnuuFZhHauQizZiHo5lDnqAvq8Phxcpy3f+prJOqtKodt/cftBl/GTOW0kiqQ=="
    },
    "crypto-js": {
      "version": "4.0.0",
      "resolved": "https://registry.npmjs.org/crypto-js/-/crypto-js-4.0.0.tgz",
      "integrity": "sha512-bzHZN8Pn+gS7DQA6n+iUmBfl0hO5DJq++QP3U6uTucDtk/0iGpXd/Gg7CGR0p8tJhofJyaKoWBuJI4eAO00BBg==",
      "optional": true
    },
    "dotenv": {
      "version": "10.0.0",
      "resolved": "https://registry.npmjs.org/dotenv/-/dotenv-10.0.0.tgz",
      "integrity": "sha512-rlBi9d8jpv9Sf1klPjNfFAuWDjKLwTIJJ/VxtoTwIR6hnZxcEOQCZg2oIL3MWBYw5GpUDKOEnND7LXTbIpQ03Q=="
    },
    "idb-keyval": {
      "version": "5.0.6",
      "resolved": "https://registry.npmjs.org/idb-keyval/-/idb-keyval-5.0.6.tgz",
      "integrity": "sha512-6lJuVbwyo82mKSH6Wq2eHkt9LcbwHAelMIcMe0tP4p20Pod7tTxq9zf0ge2n/YDfMOpDryerfmmYyuQiaFaKOg=="
    },
    "parse": {
      "version": "3.3.0",
      "resolved": "https://registry.npmjs.org/parse/-/parse-3.3.0.tgz",
      "integrity": "sha512-SQkTDupU7JQBJpYFIpO8TlQjUtjboUdkXaak57pjoC1ZVbhaiNyLsdYbrlM0B+sNYhlvcMh7zwZW48u10+zm0A==",
      "requires": {
        "@babel/runtime": "7.14.6",
        "@babel/runtime-corejs3": "7.14.6",
        "crypto-js": "4.0.0",
        "idb-keyval": "5.0.6",
        "react-native-crypto-js": "1.0.0",
        "uuid": "3.4.0",
        "ws": "7.5.0",
        "xmlhttprequest": "1.8.0"
      }
    },
    "react-native-crypto-js": {
      "version": "1.0.0",
      "resolved": "https://registry.npmjs.org/react-native-crypto-js/-/react-native-crypto-js-1.0.0.tgz",
      "integrity": "sha512-FNbLuG/HAdapQoybeZSoes1PWdOj0w242gb+e1R0hicf3Gyj/Mf8M9NaED2AnXVOX01b2FXomwUiw1xP1K+8sA=="
    },
    "regenerator-runtime": {
      "version": "0.13.9",
      "resolved": "https://registry.npmjs.org/regenerator-runtime/-/regenerator-runtime-0.13.9.tgz",
      "integrity": "sha512-p3VT+cOEgxFsRRA9X4lkI1E+k2/CtnKtU4gcxyaCUreilL/vqI6CdZ3wxVUx3UOUg+gnUOQQcRI7BmSI656MYA=="
    },
    "typescript": {
      "version": "4.3.5",
      "resolved": "https://registry.npmjs.org/typescript/-/typescript-4.3.5.tgz",
      "integrity": "sha512-DqQgihaQ9cUrskJo9kIyW/+g0Vxsk8cDtZ52a3NGh0YNTfpUSArXSohyUGnvbPazEPLu398C0UxmKSOrPumUzA==",
      "dev": true
    },
    "uuid": {
      "version": "3.4.0",
      "resolved": "https://registry.npmjs.org/uuid/-/uuid-3.4.0.tgz",
      "integrity": "sha512-HjSDRw6gZE5JMggctHBcjVak08+KEVhSIiDzFnT9S9aegmp85S/bReBVTb4QTFaRNptJ9kuYaNhnbNEOkbKb/A=="
    },
    "ws": {
      "version": "7.5.0",
      "resolved": "https://registry.npmjs.org/ws/-/ws-7.5.0.tgz",
      "integrity": "sha512-6ezXvzOZupqKj4jUqbQ9tXuJNo+BR2gU8fFRk3XCP3e0G6WT414u5ELe6Y0vtp7kmSJ3F7YWObSNr1ESsgi4vw=="
    },
    "xmlhttprequest": {
      "version": "1.8.0",
      "resolved": "https://registry.npmjs.org/xmlhttprequest/-/xmlhttprequest-1.8.0.tgz",
      "integrity": "sha1-Z/4HXFwk/vOfnWX197f+dRcZaPw="
    }
  }
}
